
Microsoft Visual Studio Solution File, Format Version 12.00
# Visual Studio Version 16
VisualStudioVersion = 16.0.29613.14
MinimumVisualStudioVersion = 10.0.40219.1
Project("{FAE04EC0-301F-11D3-BF4B-00C04F79EFBC}") = "allmymoneyexpensegateway", "allmymoneyexpensegateway\allmymoneyexpensegateway.csproj", "{21ECA06E-259F-45A2-8285-E81B3139BCC0}"
EndProject
Global
	GlobalSection(SolutionConfigurationPlatforms) = preSolution
		Debug|Any CPU = Debug|Any CPU
		Release|Any CPU = Release|Any CPU
	EndGlobalSection
	GlobalSection(ProjectConfigurationPlatforms) = postSolution
		{21ECA06E-259F-45A2-8285-E81B3139BCC0}.Debug|Any CPU.ActiveCfg = Debug|Any CPU
		{21ECA06E-259F-45A2-8285-E81B3139BCC0}.Debug|Any CPU.Build.0 = Debug|Any CPU
		{21ECA06E-259F-45A2-8285-E81B3139BCC0}.Release|Any CPU.ActiveCfg = Release|Any CPU
		{21ECA06E-259F-45A2-8285-E81B3139BCC0}.Release|Any CPU.Build.0 = Release|Any CPU
	EndGlobalSection
	GlobalSection(SolutionProperties) = preSolution
		HideSolutionNode = FALSE
	EndGlobalSection
	GlobalSection(ExtensibilityGlobals) = postSolution
		SolutionGuid = {5BB3FC27-AE40-490D-90C5-32400AAE8BD9}
	EndGlobalSection
EndGlobal
